
Microsoft Visual Studio Solution File, Format Version 11.00
# Visual C# Express 2010
Project("{FAE04EC0-301F-11D3-BF4B-00C04F79EFBC}") = "Adafruit.Netduino.Logger", "AdafruitNetduinoLogger\Adafruit.Netduino.Logger.csproj", "{37B58778-F66D-46CD-9A73-AFDD415C8187}"
EndProject
Global
	GlobalSection(SolutionConfigurationPlatforms) = preSolution
		Debug|Any CPU = Debug|Any CPU
		Release|Any CPU = Release|Any CPU
	EndGlobalSection
	GlobalSection(ProjectConfigurationPlatforms) = postSolution
		{37B58778-F66D-46CD-9A73-AFDD415C8187}.Debug|Any CPU.ActiveCfg = Debug|Any CPU
		{37B58778-F66D-46CD-9A73-AFDD415C8187}.Debug|Any CPU.Build.0 = Debug|Any CPU
		{37B58778-F66D-46CD-9A73-AFDD415C8187}.Debug|Any CPU.Deploy.0 = Debug|Any CPU
		{37B58778-F66D-46CD-9A73-AFDD415C8187}.Release|Any CPU.ActiveCfg = Release|Any CPU
		{37B58778-F66D-46CD-9A73-AFDD415C8187}.Release|Any CPU.Build.0 = Release|Any CPU
		{37B58778-F66D-46CD-9A73-AFDD415C8187}.Release|Any CPU.Deploy.0 = Release|Any CPU
	EndGlobalSection
	GlobalSection(SolutionProperties) = preSolution
		HideSolutionNode = FALSE
	EndGlobalSection
EndGlobal
