
Microsoft Visual Studio Solution File, Format Version 11.00
# Visual C# Express 2010
Project("{FAE04EC0-301F-11D3-BF4B-00C04F79EFBC}") = "Nwazet.Go.Display", "Nwazet.Go.SDT028ATFTLCDTS\Nwazet.Go.Display.csproj", "{ABF9DC24-2459-4142-8B8A-6947B5C2D935}"
EndProject
Project("{FAE04EC0-301F-11D3-BF4B-00C04F79EFBC}") = "Nwazet.Go.Core", "..\Nwazet.Go.Core\Nwazet.Go.Core\Nwazet.Go.Core.csproj", "{FF43E52E-7BAD-427B-AAF4-F8C6669AFF1C}"
EndProject
Global
	GlobalSection(SolutionConfigurationPlatforms) = preSolution
		Debug|Any CPU = Debug|Any CPU
		Release|Any CPU = Release|Any CPU
	EndGlobalSection
	GlobalSection(ProjectConfigurationPlatforms) = postSolution
		{ABF9DC24-2459-4142-8B8A-6947B5C2D935}.Debug|Any CPU.ActiveCfg = Debug|Any CPU
		{ABF9DC24-2459-4142-8B8A-6947B5C2D935}.Debug|Any CPU.Build.0 = Debug|Any CPU
		{ABF9DC24-2459-4142-8B8A-6947B5C2D935}.Release|Any CPU.ActiveCfg = Release|Any CPU
		{ABF9DC24-2459-4142-8B8A-6947B5C2D935}.Release|Any CPU.Build.0 = Release|Any CPU
		{FF43E52E-7BAD-427B-AAF4-F8C6669AFF1C}.Debug|Any CPU.ActiveCfg = Debug|Any CPU
		{FF43E52E-7BAD-427B-AAF4-F8C6669AFF1C}.Debug|Any CPU.Build.0 = Debug|Any CPU
		{FF43E52E-7BAD-427B-AAF4-F8C6669AFF1C}.Release|Any CPU.ActiveCfg = Release|Any CPU
		{FF43E52E-7BAD-427B-AAF4-F8C6669AFF1C}.Release|Any CPU.Build.0 = Release|Any CPU
	EndGlobalSection
	GlobalSection(SolutionProperties) = preSolution
		HideSolutionNode = FALSE
	EndGlobalSection
EndGlobal
